github.com/mappu/miqt v0.13.0 h1:Dzvclso1BwAUVNem7giSYCmh4Rx08j2gqt6j4SCy098=
github.com/mappu/miqt v0.13.0/go.mod h1:xFg7ADaO1QSkmXPsPODoKe/bydJpRG9fgCYyIDl/h1U=
github.com/pyrorhythm/fn v0.6.0 h1:3zYPjATUjl6IC57JKKj1/islb3JqJ1BTYiL9HOR2U5Y=
github.com/pyrorhythm/fn v0.6.0/go.mod h1:8aqIfki0k4UrIXlNeAgVvULDs9TtVZONsQR+jLTWLcY=
